
Microsoft Visual Studio Solution File, Format Version 12.00
# Visual Studio Version 17
VisualStudioVersion = 17.10.34916.146
MinimumVisualStudioVersion = 10.0.40219.1
Project("{FAE04EC0-301F-11D3-BF4B-00C04F79EFBC}") = "ASPLabb4", "ASPLabb4.csproj", "{FCF14495-52EF-4EE5-BC37-87A42FBACB26}"
EndProject
Global
	GlobalSection(SolutionConfigurationPlatforms) = preSolution
		Debug|Any CPU = Debug|Any CPU
		Release|Any CPU = Release|Any CPU
	EndGlobalSection
	GlobalSection(ProjectConfigurationPlatforms) = postSolution
		{FCF14495-52EF-4EE5-BC37-87A42FBACB26}.Debug|Any CPU.ActiveCfg = Debug|Any CPU
		{FCF14495-52EF-4EE5-BC37-87A42FBACB26}.Debug|Any CPU.Build.0 = Debug|Any CPU
		{FCF14495-52EF-4EE5-BC37-87A42FBACB26}.Release|Any CPU.ActiveCfg = Release|Any CPU
		{FCF14495-52EF-4EE5-BC37-87A42FBACB26}.Release|Any CPU.Build.0 = Release|Any CPU
	EndGlobalSection
	GlobalSection(SolutionProperties) = preSolution
		HideSolutionNode = FALSE
	EndGlobalSection
	GlobalSection(ExtensibilityGlobals) = postSolution
		SolutionGuid = {C2FBF032-E42A-402C-80B6-12C3BAE88B65}
	EndGlobalSection
EndGlobal
